
Microsoft Visual Studio Solution File, Format Version 12.00
# Visual Studio 15
VisualStudioVersion = 15.0.28307.136
MinimumVisualStudioVersion = 10.0.40219.1
Project("{FAE04EC0-301F-11D3-BF4B-00C04F79EFBC}") = "IntranetPOPS1819", "IntranetPOPS1819\IntranetPOPS1819.csproj", "{6FDC9010-0B2D-4D7B-A7FD-CDF6059BCC1E}"
EndProject
Project("{FAE04EC0-301F-11D3-BF4B-00C04F79EFBC}") = "IntranetPOPS1819.Tests", "IntranetPOPS1819.Tests\IntranetPOPS1819.Tests.csproj", "{FCD97B75-1371-4823-AD99-939A6145C706}"
EndProject
Global
	GlobalSection(SolutionConfigurationPlatforms) = preSolution
		Debug|Any CPU = Debug|Any CPU
		Release|Any CPU = Release|Any CPU
	EndGlobalSection
	GlobalSection(ProjectConfigurationPlatforms) = postSolution
		{6FDC9010-0B2D-4D7B-A7FD-CDF6059BCC1E}.Debug|Any CPU.ActiveCfg = Debug|Any CPU
		{6FDC9010-0B2D-4D7B-A7FD-CDF6059BCC1E}.Debug|Any CPU.Build.0 = Debug|Any CPU
		{6FDC9010-0B2D-4D7B-A7FD-CDF6059BCC1E}.Release|Any CPU.ActiveCfg = Release|Any CPU
		{6FDC9010-0B2D-4D7B-A7FD-CDF6059BCC1E}.Release|Any CPU.Build.0 = Release|Any CPU
		{FCD97B75-1371-4823-AD99-939A6145C706}.Debug|Any CPU.ActiveCfg = Debug|Any CPU
		{FCD97B75-1371-4823-AD99-939A6145C706}.Debug|Any CPU.Build.0 = Debug|Any CPU
		{FCD97B75-1371-4823-AD99-939A6145C706}.Release|Any CPU.ActiveCfg = Release|Any CPU
		{FCD97B75-1371-4823-AD99-939A6145C706}.Release|Any CPU.Build.0 = Release|Any CPU
	EndGlobalSection
	GlobalSection(SolutionProperties) = preSolution
		HideSolutionNode = FALSE
	EndGlobalSection
	GlobalSection(ExtensibilityGlobals) = postSolution
		SolutionGuid = {BC4CE872-2823-42A3-BBAE-35A21A3DE7D5}
	EndGlobalSection
EndGlobal
